
Microsoft Visual Studio Solution File, Format Version 12.00
# Visual Studio Version 16
VisualStudioVersion = 16.0.29403.142
MinimumVisualStudioVersion = 10.0.40219.1
Project("{FAE04EC0-301F-11D3-BF4B-00C04F79EFBC}") = "stripwinkel", "stripwinkel\stripwinkel.csproj", "{6BCDB36E-CAA8-403A-95B8-6CA0700EFA33}"
EndProject
Global
	GlobalSection(SolutionConfigurationPlatforms) = preSolution
		Debug|Any CPU = Debug|Any CPU
		Release|Any CPU = Release|Any CPU
	EndGlobalSection
	GlobalSection(ProjectConfigurationPlatforms) = postSolution
		{6BCDB36E-CAA8-403A-95B8-6CA0700EFA33}.Debug|Any CPU.ActiveCfg = Debug|Any CPU
		{6BCDB36E-CAA8-403A-95B8-6CA0700EFA33}.Debug|Any CPU.Build.0 = Debug|Any CPU
		{6BCDB36E-CAA8-403A-95B8-6CA0700EFA33}.Release|Any CPU.ActiveCfg = Release|Any CPU
		{6BCDB36E-CAA8-403A-95B8-6CA0700EFA33}.Release|Any CPU.Build.0 = Release|Any CPU
	EndGlobalSection
	GlobalSection(SolutionProperties) = preSolution
		HideSolutionNode = FALSE
	EndGlobalSection
	GlobalSection(ExtensibilityGlobals) = postSolution
		SolutionGuid = {B9486382-4962-4818-9465-108B2215DDDE}
	EndGlobalSection
EndGlobal
